
Microsoft Visual Studio Solution File, Format Version 12.00
# Visual Studio 15
VisualStudioVersion = 15.0.28307.757
MinimumVisualStudioVersion = 10.0.40219.1
Project("{FAE04EC0-301F-11D3-BF4B-00C04F79EFBC}") = "Pizzaexercise", "Pizzaexercise\Pizzaexercise.csproj", "{89226491-3871-424A-A40C-2C63AD975A2C}"
EndProject
Global
	GlobalSection(SolutionConfigurationPlatforms) = preSolution
		Debug|Any CPU = Debug|Any CPU
		Release|Any CPU = Release|Any CPU
	EndGlobalSection
	GlobalSection(ProjectConfigurationPlatforms) = postSolution
		{89226491-3871-424A-A40C-2C63AD975A2C}.Debug|Any CPU.ActiveCfg = Debug|Any CPU
		{89226491-3871-424A-A40C-2C63AD975A2C}.Debug|Any CPU.Build.0 = Debug|Any CPU
		{89226491-3871-424A-A40C-2C63AD975A2C}.Release|Any CPU.ActiveCfg = Release|Any CPU
		{89226491-3871-424A-A40C-2C63AD975A2C}.Release|Any CPU.Build.0 = Release|Any CPU
	EndGlobalSection
	GlobalSection(SolutionProperties) = preSolution
		HideSolutionNode = FALSE
	EndGlobalSection
	GlobalSection(ExtensibilityGlobals) = postSolution
		SolutionGuid = {C9F6A715-6E0A-40B2-A8C9-1245C086B605}
	EndGlobalSection
EndGlobal
